
Microsoft Visual Studio Solution File, Format Version 12.00
# Visual Studio Version 16
VisualStudioVersion = 16.0.31911.196
MinimumVisualStudioVersion = 10.0.40219.1
Project("{FAE04EC0-301F-11D3-BF4B-00C04F79EFBC}") = "MuhBilUyg", "MuhBilUyg\MuhBilUyg.csproj", "{ABCCA951-D278-4FC9-B894-B79A562F21DF}"
EndProject
Global
	GlobalSection(SolutionConfigurationPlatforms) = preSolution
		Debug|Any CPU = Debug|Any CPU
		Release|Any CPU = Release|Any CPU
	EndGlobalSection
	GlobalSection(ProjectConfigurationPlatforms) = postSolution
		{ABCCA951-D278-4FC9-B894-B79A562F21DF}.Debug|Any CPU.ActiveCfg = Debug|Any CPU
		{ABCCA951-D278-4FC9-B894-B79A562F21DF}.Debug|Any CPU.Build.0 = Debug|Any CPU
		{ABCCA951-D278-4FC9-B894-B79A562F21DF}.Release|Any CPU.ActiveCfg = Release|Any CPU
		{ABCCA951-D278-4FC9-B894-B79A562F21DF}.Release|Any CPU.Build.0 = Release|Any CPU
	EndGlobalSection
	GlobalSection(SolutionProperties) = preSolution
		HideSolutionNode = FALSE
	EndGlobalSection
	GlobalSection(ExtensibilityGlobals) = postSolution
		SolutionGuid = {7A096287-EE71-4464-B7E9-CFFCF1DBAF97}
	EndGlobalSection
EndGlobal
